
Microsoft Visual Studio Solution File, Format Version 12.00
# Visual Studio Version 16
VisualStudioVersion = 16.0.30114.105
MinimumVisualStudioVersion = 10.0.40219.1
Project("{9A19103F-16F7-4668-BE54-9A1E7A4F7556}") = "Shashlik.RC", "Shashlik.RC\Shashlik.RC.csproj", "{0B54A323-980D-4B2A-A8CC-83FF27B8A968}"
EndProject
Project("{9A19103F-16F7-4668-BE54-9A1E7A4F7556}") = "Shashlik.RC.Config", "Shashlik.RC.Config\Shashlik.RC.Config.csproj", "{81886191-3306-4F92-84FA-9FDA16FA343B}"
EndProject
Project("{9A19103F-16F7-4668-BE54-9A1E7A4F7556}") = "Shashlik.RC.Config.Demo", "Shashlik.RC.Config.Demo\Shashlik.RC.Config.Demo.csproj", "{6643F197-6FFE-448C-BCFA-2B7B0C66F97B}"
EndProject
Project("{9A19103F-16F7-4668-BE54-9A1E7A4F7556}") = "Shashlik.RC.Data", "Shashlik.RC.Data\Shashlik.RC.Data.csproj", "{A384DD33-14CA-44F6-A641-954DED2B28C7}"
EndProject
Project("{2150E333-8FDC-42A3-9474-1A3956D46DE8}") = ".github", ".github", "{D42039CD-A0E9-4248-948C-A2BE49188F51}"
	ProjectSection(SolutionItems) = preProject
		common.xml = common.xml
		.github\workflows\docker-hub-push.yml = .github\workflows\docker-hub-push.yml
		.github\workflows\nuget-push.yml = .github\workflows\nuget-push.yml
	EndProjectSection
EndProject
Project("{FAE04EC0-301F-11D3-BF4B-00C04F79EFBC}") = "Shashlik.RC.Data.MySql", "Shashlik.RC.Data.MySql\Shashlik.RC.Data.MySql.csproj", "{4E70FBA1-9157-4FE1-A7DA-27E2AD134EBE}"
EndProject
Project("{FAE04EC0-301F-11D3-BF4B-00C04F79EFBC}") = "Shashlik.RC.Data.PostgreSql", "Shashlik.RC.Data.PostgreSql\Shashlik.RC.Data.PostgreSql.csproj", "{41AD4326-6DB0-400F-AFE9-01C66C590A6D}"
EndProject
Project("{FAE04EC0-301F-11D3-BF4B-00C04F79EFBC}") = "Shashlik.RC.Data.SqlServer", "Shashlik.RC.Data.SqlServer\Shashlik.RC.Data.SqlServer.csproj", "{2C065129-FC09-4117-AC63-3D875CBC11FD}"
EndProject
Project("{FAE04EC0-301F-11D3-BF4B-00C04F79EFBC}") = "Shashlik.RC.Data.Sqlite", "Shashlik.RC.Data.Sqlite\Shashlik.RC.Data.Sqlite.csproj", "{2B519EBC-EFCD-4691-A8C1-ABAFD6F5F9D6}"
EndProject
Project("{2150E333-8FDC-42A3-9474-1A3956D46DE8}") = ".doc", ".doc", "{A69D0314-F785-436B-9F03-B1436B906BBA}"
ProjectSection(SolutionItems) = preProject
	README.md = README.md
EndProjectSection
EndProject
Project("{2150E333-8FDC-42A3-9474-1A3956D46DE8}") = ".docker", ".docker", "{BC28E54C-033F-48B7-BC0A-BA5FE6A10FBF}"
ProjectSection(SolutionItems) = preProject
	docker-compose.yml = docker-compose.yml
	Dockerfile = Dockerfile
EndProjectSection
EndProject
Global
	GlobalSection(SolutionConfigurationPlatforms) = preSolution
		Debug|Any CPU = Debug|Any CPU
		Release|Any CPU = Release|Any CPU
	EndGlobalSection
	GlobalSection(ProjectConfigurationPlatforms) = postSolution
		{0B54A323-980D-4B2A-A8CC-83FF27B8A968}.Debug|Any CPU.ActiveCfg = Debug|Any CPU
		{0B54A323-980D-4B2A-A8CC-83FF27B8A968}.Debug|Any CPU.Build.0 = Debug|Any CPU
		{0B54A323-980D-4B2A-A8CC-83FF27B8A968}.Release|Any CPU.ActiveCfg = Release|Any CPU
		{0B54A323-980D-4B2A-A8CC-83FF27B8A968}.Release|Any CPU.Build.0 = Release|Any CPU
		{81886191-3306-4F92-84FA-9FDA16FA343B}.Debug|Any CPU.ActiveCfg = Debug|Any CPU
		{81886191-3306-4F92-84FA-9FDA16FA343B}.Debug|Any CPU.Build.0 = Debug|Any CPU
		{81886191-3306-4F92-84FA-9FDA16FA343B}.Release|Any CPU.ActiveCfg = Release|Any CPU
		{81886191-3306-4F92-84FA-9FDA16FA343B}.Release|Any CPU.Build.0 = Release|Any CPU
		{6643F197-6FFE-448C-BCFA-2B7B0C66F97B}.Debug|Any CPU.ActiveCfg = Debug|Any CPU
		{6643F197-6FFE-448C-BCFA-2B7B0C66F97B}.Debug|Any CPU.Build.0 = Debug|Any CPU
		{6643F197-6FFE-448C-BCFA-2B7B0C66F97B}.Release|Any CPU.ActiveCfg = Release|Any CPU
		{6643F197-6FFE-448C-BCFA-2B7B0C66F97B}.Release|Any CPU.Build.0 = Release|Any CPU
		{A384DD33-14CA-44F6-A641-954DED2B28C7}.Debug|Any CPU.ActiveCfg = Debug|Any CPU
		{A384DD33-14CA-44F6-A641-954DED2B28C7}.Debug|Any CPU.Build.0 = Debug|Any CPU
		{A384DD33-14CA-44F6-A641-954DED2B28C7}.Release|Any CPU.ActiveCfg = Release|Any CPU
		{A384DD33-14CA-44F6-A641-954DED2B28C7}.Release|Any CPU.Build.0 = Release|Any CPU
		{4E70FBA1-9157-4FE1-A7DA-27E2AD134EBE}.Debug|Any CPU.ActiveCfg = Debug|Any CPU
		{4E70FBA1-9157-4FE1-A7DA-27E2AD134EBE}.Debug|Any CPU.Build.0 = Debug|Any CPU
		{4E70FBA1-9157-4FE1-A7DA-27E2AD134EBE}.Release|Any CPU.ActiveCfg = Release|Any CPU
		{4E70FBA1-9157-4FE1-A7DA-27E2AD134EBE}.Release|Any CPU.Build.0 = Release|Any CPU
		{41AD4326-6DB0-400F-AFE9-01C66C590A6D}.Debug|Any CPU.ActiveCfg = Debug|Any CPU
		{41AD4326-6DB0-400F-AFE9-01C66C590A6D}.Debug|Any CPU.Build.0 = Debug|Any CPU
		{41AD4326-6DB0-400F-AFE9-01C66C590A6D}.Release|Any CPU.ActiveCfg = Release|Any CPU
		{41AD4326-6DB0-400F-AFE9-01C66C590A6D}.Release|Any CPU.Build.0 = Release|Any CPU
		{2C065129-FC09-4117-AC63-3D875CBC11FD}.Debug|Any CPU.ActiveCfg = Debug|Any CPU
		{2C065129-FC09-4117-AC63-3D875CBC11FD}.Debug|Any CPU.Build.0 = Debug|Any CPU
		{2C065129-FC09-4117-AC63-3D875CBC11FD}.Release|Any CPU.ActiveCfg = Release|Any CPU
		{2C065129-FC09-4117-AC63-3D875CBC11FD}.Release|Any CPU.Build.0 = Release|Any CPU
		{2B519EBC-EFCD-4691-A8C1-ABAFD6F5F9D6}.Debug|Any CPU.ActiveCfg = Debug|Any CPU
		{2B519EBC-EFCD-4691-A8C1-ABAFD6F5F9D6}.Debug|Any CPU.Build.0 = Debug|Any CPU
		{2B519EBC-EFCD-4691-A8C1-ABAFD6F5F9D6}.Release|Any CPU.ActiveCfg = Release|Any CPU
		{2B519EBC-EFCD-4691-A8C1-ABAFD6F5F9D6}.Release|Any CPU.Build.0 = Release|Any CPU
	EndGlobalSection
	GlobalSection(SolutionProperties) = preSolution
		HideSolutionNode = FALSE
	EndGlobalSection
	GlobalSection(ExtensibilityGlobals) = postSolution
		SolutionGuid = {1B7347B2-F514-4A94-ADBB-C1AA7510D366}
	EndGlobalSection
EndGlobal
